schema: '2.0'
stages:
  data_cleaning:
    cmd: python src/data/data_cleaning.py
    deps:
    - path: data/raw/swiggy.csv
      hash: md5
      md5: 0b050b37dfe6cfbfaa18d7cb4e454377
      size: 7772212
    - path: src/data/data_cleaning.py
      hash: md5
      md5: f5ad421aafd57c91a1366fef5b226570
      size: 9519
    outs:
    - path: data/cleaned/swiggy_cleaned.csv
      hash: md5
      md5: 4918716e52fc57babdcd400dfb3c3f29
      size: 4508527
  data_preparation:
    cmd: python src/data/data_preparation.py
    deps:
    - path: data/cleaned/swiggy_cleaned.csv
      hash: md5
      md5: 4918716e52fc57babdcd400dfb3c3f29
      size: 4508527
    - path: src/data/data_preparation.py
      hash: md5
      md5: b97a07258b547e03768bab50f2f670ea
      size: 3007
    params:
      params.yaml:
        Data_Preparation.random_state: 1
        Data_Preparation.test_size: 0.2
    outs:
    - path: data/interim/test.csv
      hash: md5
      md5: c1906ecda4974032ca533cba73a4e9bb
      size: 901589
    - path: data/interim/train.csv
      hash: md5
      md5: 97b701af7c2fa39e2b2c9252e25082db
      size: 3603980
  data_preprocessing:
    cmd: python src/features/data_preprocessing.py
    deps:
    - path: data/interim/test.csv
      hash: md5
      md5: c1906ecda4974032ca533cba73a4e9bb
      size: 901589
    - path: data/interim/train.csv
      hash: md5
      md5: 97b701af7c2fa39e2b2c9252e25082db
      size: 3603980
    - path: src/features/data_preprocessing.py
      hash: md5
      md5: 35e50c87c02a387a08216744c7e31670
      size: 6943
    outs:
    - path: data/processed/test_trans.csv
      hash: md5
      md5: d149d4b3bfa31b731c917195ab95eead
      size: 1090792
    - path: data/processed/train_trans.csv
      hash: md5
      md5: d6f1ce177156c5e9d322d0103a04249f
      size: 4327941
    - path: models/preprocessor.joblib
      hash: md5
      md5: 9869339e2bbeb7d4b277bf91df994f97
      size: 8189
