schema: '2.0'
stages:
  data_cleaning:
    cmd: python src/data/data_cleaning.py
    deps:
    - path: data/raw/swiggy.csv
      hash: md5
      md5: 0b050b37dfe6cfbfaa18d7cb4e454377
      size: 7772212
    - path: src/data/data_cleaning.py
      hash: md5
      md5: f5ad421aafd57c91a1366fef5b226570
      size: 9519
    outs:
    - path: data/cleaned/swiggy_cleaned.csv
      hash: md5
      md5: 4918716e52fc57babdcd400dfb3c3f29
      size: 4508527
  data_preparation:
    cmd: python src/data/data_preparation.py
    deps:
    - path: data/cleaned/swiggy_cleaned.csv
      hash: md5
      md5: 4918716e52fc57babdcd400dfb3c3f29
      size: 4508527
    - path: src/data/data_preparation.py
      hash: md5
      md5: b97a07258b547e03768bab50f2f670ea
      size: 3007
    params:
      params.yaml:
        Data_Preparation.random_state: 2
        Data_Preparation.test_size: 0.2
    outs:
    - path: data/interim/test.csv
      hash: md5
      md5: 6aaebf43cad37b2e22bf38d3a4e6eb8e
      size: 901115
    - path: data/interim/train.csv
      hash: md5
      md5: 2d0207400da6a6bf759dee731ec7a612
      size: 3604454
  data_preprocessing:
    cmd: python src/features/data_preprocessing.py
    deps:
    - path: data/interim/test.csv
      hash: md5
      md5: 6aaebf43cad37b2e22bf38d3a4e6eb8e
      size: 901115
    - path: data/interim/train.csv
      hash: md5
      md5: 2d0207400da6a6bf759dee731ec7a612
      size: 3604454
    - path: src/features/data_preprocessing.py
      hash: md5
      md5: 35e50c87c02a387a08216744c7e31670
      size: 6943
    outs:
    - path: data/processed/test_trans.csv
      hash: md5
      md5: fd106ff74a8b43824191a729ffa17fc1
      size: 1087472
    - path: data/processed/train_trans.csv
      hash: md5
      md5: 165b8f538d96b02b291a4e093ddbba3f
      size: 4331261
    - path: models/preprocessor.joblib
      hash: md5
      md5: 73a10493109ab98b49fd8bbe792ad709
      size: 8189
  train:
    cmd: python src/models/train.py
    deps:
    - path: data/processed/train_trans.csv
      hash: md5
      md5: 165b8f538d96b02b291a4e093ddbba3f
      size: 4331261
    - path: src/models/train.py
      hash: md5
      md5: b7b69ed8e77672b21bfffc93336aa161
      size: 4910
    params:
      params.yaml:
        Train.LightGBM:
          n_estimators: 154
          max_depth: 27
          learning_rate: 0.22234435854395157
          subsample: 0.7592213724048168
          min_child_weight: 20
          min_split_gain: 0.004604680609280751
          reg_lambda: 97.81002379097947
          n_jobs: -1
        Train.Random_Forest:
          n_estimators: 479
          criterion: squared_error
          max_depth: 17
          max_features: 1
          min_samples_split: 9
          min_samples_leaf: 2
          max_samples: 0.6603673526197066
          verbose: 1
          n_jobs: -1
    outs:
    - path: models/model.joblib
      hash: md5
      md5: ecbedba0c4500b0fc95fed135de49803
      size: 156473512
    - path: models/power_transformer.joblib
      hash: md5
      md5: a565de638069c6ba059a43651ccd1bb3
      size: 837
    - path: models/stacking_regressor.joblib
      hash: md5
      md5: 273a497c568a9aea1c8a091abc04f5f6
      size: 156461978
  evaluation:
    cmd: python src/models/evaluation.py
    deps:
    - path: data/processed/test_trans.csv
      hash: md5
      md5: fd106ff74a8b43824191a729ffa17fc1
      size: 1087472
    - path: data/processed/train_trans.csv
      hash: md5
      md5: 165b8f538d96b02b291a4e093ddbba3f
      size: 4331261
    - path: models/model.joblib
      hash: md5
      md5: ecbedba0c4500b0fc95fed135de49803
      size: 156473512
    - path: src/models/evaluation.py
      hash: md5
      md5: 420e25fbca97ea727c6ffeec46e07888
      size: 6035
    outs:
    - path: run_information.json
      hash: md5
      md5: 2f1f3f0ea263ceb0cb91c3362f1da511
      size: 220
  register_model:
    cmd: python src/models/register_model.py
    deps:
    - path: run_information.json
      hash: md5
      md5: 2f1f3f0ea263ceb0cb91c3362f1da511
      size: 220
    - path: src/models/register_model.py
      hash: md5
      md5: 4af3c6071dfb2acacb39cbe93bbbe520
      size: 2186
